
Microsoft Visual Studio Solution File, Format Version 12.00
# Visual Studio Version 17
VisualStudioVersion = 17.4.33213.308
MinimumVisualStudioVersion = 10.0.40219.1
Project("{888888A0-9F3D-457C-B088-3A5042F75D52}") = "nikita kirsanov", "nikita kirsanov.pyproj", "{9B61E568-89BD-4FA6-9912-81E6003655CE}"
EndProject
Global
	GlobalSection(SolutionConfigurationPlatforms) = preSolution
		Debug|Any CPU = Debug|Any CPU
		Release|Any CPU = Release|Any CPU
	EndGlobalSection
	GlobalSection(ProjectConfigurationPlatforms) = postSolution
		{9B61E568-89BD-4FA6-9912-81E6003655CE}.Debug|Any CPU.ActiveCfg = Debug|Any CPU
		{9B61E568-89BD-4FA6-9912-81E6003655CE}.Release|Any CPU.ActiveCfg = Release|Any CPU
	EndGlobalSection
	GlobalSection(SolutionProperties) = preSolution
		HideSolutionNode = FALSE
	EndGlobalSection
	GlobalSection(ExtensibilityGlobals) = postSolution
		SolutionGuid = {C6FFDF24-DAD6-49EE-9D57-3666431A55B5}
	EndGlobalSection
EndGlobal
